
Microsoft Visual Studio Solution File, Format Version 12.00
# Visual Studio Version 17
VisualStudioVersion = 17.11.35327.3
MinimumVisualStudioVersion = 10.0.40219.1
Project("{2150E333-8FDC-42A3-9474-1A3956D46DE8}") = "src", "src", "{4CB06E54-95EC-41B5-B463-DF3DAF3075D3}"
EndProject
Project("{2150E333-8FDC-42A3-9474-1A3956D46DE8}") = "tests", "tests", "{55B81B9E-8890-46EB-A564-41381C092C8F}"
EndProject
Project("{FAE04EC0-301F-11D3-BF4B-00C04F79EFBC}") = "Domain", "src\Domain\Domain.csproj", "{5A4DE3A8-6927-4638-B8A0-40AA1520B842}"
EndProject
Global
	GlobalSection(SolutionConfigurationPlatforms) = preSolution
		Debug|Any CPU = Debug|Any CPU
		Release|Any CPU = Release|Any CPU
	EndGlobalSection
	GlobalSection(ProjectConfigurationPlatforms) = postSolution
		{5A4DE3A8-6927-4638-B8A0-40AA1520B842}.Debug|Any CPU.ActiveCfg = Debug|Any CPU
		{5A4DE3A8-6927-4638-B8A0-40AA1520B842}.Debug|Any CPU.Build.0 = Debug|Any CPU
		{5A4DE3A8-6927-4638-B8A0-40AA1520B842}.Release|Any CPU.ActiveCfg = Release|Any CPU
		{5A4DE3A8-6927-4638-B8A0-40AA1520B842}.Release|Any CPU.Build.0 = Release|Any CPU
	EndGlobalSection
	GlobalSection(SolutionProperties) = preSolution
		HideSolutionNode = FALSE
	EndGlobalSection
	GlobalSection(NestedProjects) = preSolution
		{5A4DE3A8-6927-4638-B8A0-40AA1520B842} = {4CB06E54-95EC-41B5-B463-DF3DAF3075D3}
	EndGlobalSection
	GlobalSection(ExtensibilityGlobals) = postSolution
		SolutionGuid = {18E1861D-8792-4808-8EE6-642E1799926C}
	EndGlobalSection
EndGlobal
